<Solution>
  <Folder Name="/samples/" />
  <Folder Name="/samples/BlinkLed/">
    <Project Path="samples/BlinkLed/CodeBridge.Samples.BlinkLed.csproj" />
  </Folder>
  <Folder Name="/samples/WiFiDiag/">
    <Project Path="samples/WiFiDiag/CodeBridge.Samples.WiFiDiag.csproj" />
  </Folder>
  <Folder Name="/samples/WiFiSetup/">
    <Project Path="samples/WiFiSetup/CodeBridge.Samples.WiFiSetup.csproj" />
  </Folder>
  <Folder Name="/samples/WiFiBlink/">
    <Project Path="samples/WiFiBlink/CodeBridge.Samples.WiFiBlink.csproj" />
  </Folder>
  <Folder Name="/samples/WinFormsNativeDemo/">
    <Project Path="samples/WinFormsNativeDemo/CodeBridge.Samples.WinFormsNativeDemo.csproj" />
  </Folder>
  <Folder Name="/samples/ServoSweep/">
    <Project Path="samples/ServoSweep/CodeBridge.Samples.ServoSweep.csproj" />
  </Folder>
  <Folder Name="/samples/MotorRelay/">
    <Project Path="samples/MotorRelay/CodeBridge.Samples.MotorRelay.csproj" />
  </Folder>
  <Folder Name="/samples/TourSnippets/">
    <Project Path="samples/TourSnippets/CodeBridge.Samples.TourSnippets.csproj" />
  </Folder>
  <Folder Name="/samples/Integration.Console/">
    <Project Path="samples/Integration.Console/CodeBridge.Samples.IntegrationConsole.csproj" />
  </Folder>
  <Folder Name="/samples/Integration.Api/">
    <Project Path="samples/Integration.Api/CodeBridge.Samples.IntegrationApi.csproj" />
  </Folder>
  <Folder Name="/samples/Integration.Blazor/">
    <Project Path="samples/Integration.Blazor/CodeBridge.Samples.IntegrationBlazor.csproj" />
  </Folder>
  <Folder Name="/samples/Integration.HomeAssistant/">
    <Project Path="samples/Integration.HomeAssistant/CodeBridge.Samples.IntegrationHomeAssistant.csproj" />
  </Folder>
  <Folder Name="/samples/Integration.WindowsService/">
    <Project Path="samples/Integration.WindowsService/CodeBridge.Samples.IntegrationWindowsService.csproj" />
  </Folder>
  <Folder Name="/src/">
    <Project Path="src/CodeBridge.Core/CodeBridge.Core.csproj" />
    <Project Path="src/CodeBridge.Designer.WinForms/CodeBridge.Designer.WinForms.csproj" />
    <Project Path="src/CodeBridge.Flow/CodeBridge.Flow.csproj" />
    <Project Path="src/CodeBridge.ESP32/CodeBridge.ESP32.csproj" />
    <Project Path="src/CodeBridge.FlowHost/CodeBridge.FlowHost.csproj" />
    <Project Path="src/CodeBridge.Hosting/CodeBridge.Hosting.csproj" />
    <Project Path="src/CodeBridge.Blazor/CodeBridge.Blazor.csproj" />
    <Project Path="src/CodeBridge.HomeAssistant/CodeBridge.HomeAssistant.csproj" />
    <Project Path="src/CodeBridge.Transport/CodeBridge.Transport.csproj" />
    <Project Path="src/CodeBridge.VisualStudio/CodeBridge.VisualStudio.csproj" />
  </Folder>
  <Folder Name="/tests/">
    <Project Path="tests/CodeBridge.Core.Tests/CodeBridge.Core.Tests.csproj" />
    <Project Path="tests/CodeBridge.Blazor.Tests/CodeBridge.Blazor.Tests.csproj" />
    <Project Path="tests/CodeBridge.HomeAssistant.Tests/CodeBridge.HomeAssistant.Tests.csproj" />
    <Project Path="tests/CodeBridge.VisualStudio.Tests/CodeBridge.VisualStudio.Tests.csproj" />
  </Folder>
  <Folder Name="/tools/">
    <Project Path="tools/CodeBridge.Designer.WinForms.Host/CodeBridge.Designer.WinForms.Host.csproj" />
    <Project Path="tools/CodeBridge.VisualStudio.Signing/CodeBridge.VisualStudio.Signing.csproj" />
  </Folder>
</Solution>
