<Solution>
  <Folder Name="/samples/" />
  <Folder Name="/samples/BlinkLed/">
    <Project Path="samples/BlinkLed/CodeBridge.Samples.BlinkLed.csproj" />
  </Folder>
  <Folder Name="/samples/WiFiBlink/">
    <Project Path="samples/WiFiBlink/CodeBridge.Samples.WiFiBlink.csproj" />
  </Folder>
  <Folder Name="/samples/ServoSweep/">
    <Project Path="samples/ServoSweep/CodeBridge.Samples.ServoSweep.csproj" />
  </Folder>
  <Folder Name="/samples/MotorRelay/">
    <Project Path="samples/MotorRelay/CodeBridge.Samples.MotorRelay.csproj" />
  </Folder>
  <Folder Name="/src/">
    <Project Path="src/CodeBridge.Core/CodeBridge.Core.csproj" />
    <Project Path="src/CodeBridge.ESP32/CodeBridge.ESP32.csproj" />
    <Project Path="src/CodeBridge.Transport/CodeBridge.Transport.csproj" />
  </Folder>
  <Folder Name="/tests/">
    <Project Path="tests/CodeBridge.Core.Tests/CodeBridge.Core.Tests.csproj" />
  </Folder>
</Solution>
